
Microsoft Visual Studio Solution File, Format Version 12.00
# Visual Studio Version 16
VisualStudioVersion = 16.0.30907.101
MinimumVisualStudioVersion = 10.0.40219.1
Project("{8BC9CEB8-8B4A-11D0-8D11-00A0C91BC942}") = "HolaMundo", "HolaMundo\HolaMundo.vcxproj", "{4C21370E-D052-47C9-8570-775F70D6F9E8}"
EndProject
Project("{FAE04EC0-301F-11D3-BF4B-00C04F79EFBC}") = "ConsoleApp1", "ConsoleApp1\ConsoleApp1.csproj", "{D5721058-C3C2-43E3-883B-111954692348}"
EndProject
Global
	GlobalSection(SolutionConfigurationPlatforms) = preSolution
		Debug|Any CPU = Debug|Any CPU
		Debug|x64 = Debug|x64
		Debug|x86 = Debug|x86
		Release|Any CPU = Release|Any CPU
		Release|x64 = Release|x64
		Release|x86 = Release|x86
	EndGlobalSection
	GlobalSection(ProjectConfigurationPlatforms) = postSolution
		{4C21370E-D052-47C9-8570-775F70D6F9E8}.Debug|Any CPU.ActiveCfg = Debug|Win32
		{4C21370E-D052-47C9-8570-775F70D6F9E8}.Debug|x64.ActiveCfg = Debug|x64
		{4C21370E-D052-47C9-8570-775F70D6F9E8}.Debug|x64.Build.0 = Debug|x64
		{4C21370E-D052-47C9-8570-775F70D6F9E8}.Debug|x86.ActiveCfg = Debug|Win32
		{4C21370E-D052-47C9-8570-775F70D6F9E8}.Debug|x86.Build.0 = Debug|Win32
		{4C21370E-D052-47C9-8570-775F70D6F9E8}.Release|Any CPU.ActiveCfg = Release|Win32
		{4C21370E-D052-47C9-8570-775F70D6F9E8}.Release|x64.ActiveCfg = Release|x64
		{4C21370E-D052-47C9-8570-775F70D6F9E8}.Release|x64.Build.0 = Release|x64
		{4C21370E-D052-47C9-8570-775F70D6F9E8}.Release|x86.ActiveCfg = Release|Win32
		{4C21370E-D052-47C9-8570-775F70D6F9E8}.Release|x86.Build.0 = Release|Win32
		{D5721058-C3C2-43E3-883B-111954692348}.Debug|Any CPU.ActiveCfg = Debug|Any CPU
		{D5721058-C3C2-43E3-883B-111954692348}.Debug|Any CPU.Build.0 = Debug|Any CPU
		{D5721058-C3C2-43E3-883B-111954692348}.Debug|x64.ActiveCfg = Debug|Any CPU
		{D5721058-C3C2-43E3-883B-111954692348}.Debug|x64.Build.0 = Debug|Any CPU
		{D5721058-C3C2-43E3-883B-111954692348}.Debug|x86.ActiveCfg = Debug|Any CPU
		{D5721058-C3C2-43E3-883B-111954692348}.Debug|x86.Build.0 = Debug|Any CPU
		{D5721058-C3C2-43E3-883B-111954692348}.Release|Any CPU.ActiveCfg = Release|Any CPU
		{D5721058-C3C2-43E3-883B-111954692348}.Release|Any CPU.Build.0 = Release|Any CPU
		{D5721058-C3C2-43E3-883B-111954692348}.Release|x64.ActiveCfg = Release|Any CPU
		{D5721058-C3C2-43E3-883B-111954692348}.Release|x64.Build.0 = Release|Any CPU
		{D5721058-C3C2-43E3-883B-111954692348}.Release|x86.ActiveCfg = Release|Any CPU
		{D5721058-C3C2-43E3-883B-111954692348}.Release|x86.Build.0 = Release|Any CPU
	EndGlobalSection
	GlobalSection(SolutionProperties) = preSolution
		HideSolutionNode = FALSE
	EndGlobalSection
	GlobalSection(ExtensibilityGlobals) = postSolution
		SolutionGuid = {D3F819A0-3344-4AB2-B582-7036DFFCE4BB}
	EndGlobalSection
EndGlobal
